
Microsoft Visual Studio Solution File, Format Version 12.00
# Visual Studio Version 17
VisualStudioVersion = 17.5.33530.505
MinimumVisualStudioVersion = 10.0.40219.1
Project("{2150E333-8FDC-42A3-9474-1A3956D46DE8}") = "Ankur_Car_Servises", "Ankur_Car_Servises", "{BDA7E947-1AAA-491A-94B1-16413C578166}"
EndProject
Project("{9A19103F-16F7-4668-BE54-9A1E7A4F7556}") = "Vehicele", "Vehicele\Vehicele.csproj", "{C09FC5CA-879A-4E86-8019-F07391805092}"
EndProject
Project("{9A19103F-16F7-4668-BE54-9A1E7A4F7556}") = "CustomerApi", "CustomerApi\CustomerApi.csproj", "{74225AEB-B5DB-45A7-AB4A-4A1C64B08210}"
EndProject
Project("{9A19103F-16F7-4668-BE54-9A1E7A4F7556}") = "ReservationApi", "ReservationApi\ReservationApi.csproj", "{B58E7D72-8C77-4E05-A8C5-BF582BD92C1C}"
EndProject
Project("{2150E333-8FDC-42A3-9474-1A3956D46DE8}") = "APIGateWay", "APIGateWay", "{768B34D1-A188-4115-9389-69717DBDC31B}"
EndProject
Project("{FAE04EC0-301F-11D3-BF4B-00C04F79EFBC}") = "APIGATEWAY", "APIGATEWAY\APIGATEWAY.csproj", "{784C2C16-1E0D-4F17-945C-D6DFE843A37F}"
EndProject
Global
	GlobalSection(SolutionConfigurationPlatforms) = preSolution
		Debug|Any CPU = Debug|Any CPU
		Release|Any CPU = Release|Any CPU
	EndGlobalSection
	GlobalSection(ProjectConfigurationPlatforms) = postSolution
		{C09FC5CA-879A-4E86-8019-F07391805092}.Debug|Any CPU.ActiveCfg = Debug|Any CPU
		{C09FC5CA-879A-4E86-8019-F07391805092}.Debug|Any CPU.Build.0 = Debug|Any CPU
		{C09FC5CA-879A-4E86-8019-F07391805092}.Release|Any CPU.ActiveCfg = Release|Any CPU
		{C09FC5CA-879A-4E86-8019-F07391805092}.Release|Any CPU.Build.0 = Release|Any CPU
		{74225AEB-B5DB-45A7-AB4A-4A1C64B08210}.Debug|Any CPU.ActiveCfg = Debug|Any CPU
		{74225AEB-B5DB-45A7-AB4A-4A1C64B08210}.Debug|Any CPU.Build.0 = Debug|Any CPU
		{74225AEB-B5DB-45A7-AB4A-4A1C64B08210}.Release|Any CPU.ActiveCfg = Release|Any CPU
		{74225AEB-B5DB-45A7-AB4A-4A1C64B08210}.Release|Any CPU.Build.0 = Release|Any CPU
		{B58E7D72-8C77-4E05-A8C5-BF582BD92C1C}.Debug|Any CPU.ActiveCfg = Debug|Any CPU
		{B58E7D72-8C77-4E05-A8C5-BF582BD92C1C}.Debug|Any CPU.Build.0 = Debug|Any CPU
		{B58E7D72-8C77-4E05-A8C5-BF582BD92C1C}.Release|Any CPU.ActiveCfg = Release|Any CPU
		{B58E7D72-8C77-4E05-A8C5-BF582BD92C1C}.Release|Any CPU.Build.0 = Release|Any CPU
		{784C2C16-1E0D-4F17-945C-D6DFE843A37F}.Debug|Any CPU.ActiveCfg = Debug|Any CPU
		{784C2C16-1E0D-4F17-945C-D6DFE843A37F}.Debug|Any CPU.Build.0 = Debug|Any CPU
		{784C2C16-1E0D-4F17-945C-D6DFE843A37F}.Release|Any CPU.ActiveCfg = Release|Any CPU
		{784C2C16-1E0D-4F17-945C-D6DFE843A37F}.Release|Any CPU.Build.0 = Release|Any CPU
	EndGlobalSection
	GlobalSection(SolutionProperties) = preSolution
		HideSolutionNode = FALSE
	EndGlobalSection
	GlobalSection(NestedProjects) = preSolution
		{C09FC5CA-879A-4E86-8019-F07391805092} = {BDA7E947-1AAA-491A-94B1-16413C578166}
		{74225AEB-B5DB-45A7-AB4A-4A1C64B08210} = {BDA7E947-1AAA-491A-94B1-16413C578166}
		{B58E7D72-8C77-4E05-A8C5-BF582BD92C1C} = {BDA7E947-1AAA-491A-94B1-16413C578166}
		{768B34D1-A188-4115-9389-69717DBDC31B} = {BDA7E947-1AAA-491A-94B1-16413C578166}
		{784C2C16-1E0D-4F17-945C-D6DFE843A37F} = {768B34D1-A188-4115-9389-69717DBDC31B}
	EndGlobalSection
	GlobalSection(ExtensibilityGlobals) = postSolution
		SolutionGuid = {1F0A6D2F-E727-4674-8B2D-59F05E93C096}
	EndGlobalSection
EndGlobal
